
Microsoft Visual Studio Solution File, Format Version 12.00
# Visual Studio Version 16
VisualStudioVersion = 16.0.31129.286
MinimumVisualStudioVersion = 10.0.40219.1
Project("{FAE04EC0-301F-11D3-BF4B-00C04F79EFBC}") = "Git", "Git\Git.csproj", "{B69E7976-238D-4C16-8C39-46669CD2B49D}"
EndProject
Global
	GlobalSection(SolutionConfigurationPlatforms) = preSolution
		Debug|Any CPU = Debug|Any CPU
		Release|Any CPU = Release|Any CPU
	EndGlobalSection
	GlobalSection(ProjectConfigurationPlatforms) = postSolution
		{B69E7976-238D-4C16-8C39-46669CD2B49D}.Debug|Any CPU.ActiveCfg = Debug|Any CPU
		{B69E7976-238D-4C16-8C39-46669CD2B49D}.Debug|Any CPU.Build.0 = Debug|Any CPU
		{B69E7976-238D-4C16-8C39-46669CD2B49D}.Release|Any CPU.ActiveCfg = Release|Any CPU
		{B69E7976-238D-4C16-8C39-46669CD2B49D}.Release|Any CPU.Build.0 = Release|Any CPU
	EndGlobalSection
	GlobalSection(SolutionProperties) = preSolution
		HideSolutionNode = FALSE
	EndGlobalSection
	GlobalSection(ExtensibilityGlobals) = postSolution
		SolutionGuid = {C437C9A7-314C-45FB-90CB-F0173AFFE268}
	EndGlobalSection
EndGlobal
